// !$*UTF8*$!
{
	archiveVersion = 1;
	classes = {
	};
	objectVersion = 46;
	objects = {

/* Begin PBXBuildFile section */
		F757DEE21AEFFAA900201AC8 /* AppDelegate.swift in Sources */ = {isa = PBXBuildFile; fileRef = F757DEE11AEFFAA900201AC8 /* AppDelegate.swift */; };
		F757DEE41AEFFAA900201AC8 /* ViewController.swift in Sources */ = {isa = PBXBuildFile; fileRef = F757DEE31AEFFAA900201AC8 /* ViewController.swift */; };
		F757DEE71AEFFAA900201AC8 /* Main.storyboard in Resources */ = {isa = PBXBuildFile; fileRef = F757DEE51AEFFAA900201AC8 /* Main.storyboard */; };
		F757DEE91AEFFAA900201AC8 /* Images.xcassets in Resources */ = {isa = PBXBuildFile; fileRef = F757DEE81AEFFAA900201AC8 /* Images.xcassets */; };
		F757DEEC1AEFFAA900201AC8 /* LaunchScreen.xib in Resources */ = {isa = PBXBuildFile; fileRef = F757DEEA1AEFFAA900201AC8 /* LaunchScreen.xib */; };
		F757DEF81AEFFAAA00201AC8 /* Example_iOSTests.swift in Sources */ = {isa = PBXBuildFile; fileRef = F757DEF71AEFFAAA00201AC8 /* Example_iOSTests.swift */; };
		F757DF091AEFFB5600201AC8 /* AppDelegate.swift in Sources */ = {isa = PBXBuildFile; fileRef = F757DF081AEFFB5600201AC8 /* AppDelegate.swift */; };
		F757DF0B1AEFFB5600201AC8 /* ViewController.swift in Sources */ = {isa = PBXBuildFile; fileRef = F757DF0A1AEFFB5600201AC8 /* ViewController.swift */; };
		F757DF0D1AEFFB5600201AC8 /* Images.xcassets in Resources */ = {isa = PBXBuildFile; fileRef = F757DF0C1AEFFB5600201AC8 /* Images.xcassets */; };
		F757DF101AEFFB5600201AC8 /* Main.storyboard in Resources */ = {isa = PBXBuildFile; fileRef = F757DF0E1AEFFB5600201AC8 /* Main.storyboard */; };
		F757DF1C1AEFFB5600201AC8 /* Example_OSXTests.swift in Sources */ = {isa = PBXBuildFile; fileRef = F757DF1B1AEFFB5600201AC8 /* Example_OSXTests.swift */; };
		F7BD27B21AEFFCA2001283DA /* LocationTracker.swift in Sources */ = {isa = PBXBuildFile; fileRef = F7BD27B11AEFFCA2001283DA /* LocationTracker.swift */; };
		F7BD27B31AEFFCA2001283DA /* LocationTracker.swift in Sources */ = {isa = PBXBuildFile; fileRef = F7BD27B11AEFFCA2001283DA /* LocationTracker.swift */; };
		F7BD27B41AEFFCA2001283DA /* LocationTracker.swift in Sources */ = {isa = PBXBuildFile; fileRef = F7BD27B11AEFFCA2001283DA /* LocationTracker.swift */; };
		F7BD27B51AEFFCA2001283DA /* LocationTracker.swift in Sources */ = {isa = PBXBuildFile; fileRef = F7BD27B11AEFFCA2001283DA /* LocationTracker.swift */; };
/* End PBXBuildFile section */

/* Begin PBXContainerItemProxy section */
		F757DEF21AEFFAAA00201AC8 /* PBXContainerItemProxy */ = {
			isa = PBXContainerItemProxy;
			containerPortal = F7FCF47E1AEFF97C001F6FD0 /* Project object */;
			proxyType = 1;
			remoteGlobalIDString = F757DEDC1AEFFAA900201AC8;
			remoteInfo = "Example-iOS";
		};
		F757DF161AEFFB5600201AC8 /* PBXContainerItemProxy */ = {
			isa = PBXContainerItemProxy;
			containerPortal = F7FCF47E1AEFF97C001F6FD0 /* Project object */;
			proxyType = 1;
			remoteGlobalIDString = F757DF031AEFFB5600201AC8;
			remoteInfo = "Example-OSX";
		};
/* End PBXContainerItemProxy section */

/* Begin PBXFileReference section */
		F757DEDD1AEFFAA900201AC8 /* Example-iOS.app */ = {isa = PBXFileReference; explicitFileType = wrapper.application; includeInIndex = 0; path = "Example-iOS.app"; sourceTree = BUILT_PRODUCTS_DIR; };
		F757DEE01AEFFAA900201AC8 /* Info.plist */ = {isa = PBXFileReference; lastKnownFileType = text.plist.xml; path = Info.plist; sourceTree = "<group>"; };
		F757DEE11AEFFAA900201AC8 /* AppDelegate.swift */ = {isa = PBXFileReference; lastKnownFileType = sourcecode.swift; path = AppDelegate.swift; sourceTree = "<group>"; };
		F757DEE31AEFFAA900201AC8 /* ViewController.swift */ = {isa = PBXFileReference; lastKnownFileType = sourcecode.swift; path = ViewController.swift; sourceTree = "<group>"; };
		F757DEE61AEFFAA900201AC8 /* Base */ = {isa = PBXFileReference; lastKnownFileType = file.storyboard; name = Base; path = Base.lproj/Main.storyboard; sourceTree = "<group>"; };
		F757DEE81AEFFAA900201AC8 /* Images.xcassets */ = {isa = PBXFileReference; lastKnownFileType = folder.assetcatalog; path = Images.xcassets; sourceTree = "<group>"; };
		F757DEEB1AEFFAA900201AC8 /* Base */ = {isa = PBXFileReference; lastKnownFileType = file.xib; name = Base; path = Base.lproj/LaunchScreen.xib; sourceTree = "<group>"; };
		F757DEF11AEFFAAA00201AC8 /* Example-iOSTests.xctest */ = {isa = PBXFileReference; explicitFileType = wrapper.cfbundle; includeInIndex = 0; path = "Example-iOSTests.xctest"; sourceTree = BUILT_PRODUCTS_DIR; };
		F757DEF61AEFFAAA00201AC8 /* Info.plist */ = {isa = PBXFileReference; lastKnownFileType = text.plist.xml; path = Info.plist; sourceTree = "<group>"; };
		F757DEF71AEFFAAA00201AC8 /* Example_iOSTests.swift */ = {isa = PBXFileReference; lastKnownFileType = sourcecode.swift; path = Example_iOSTests.swift; sourceTree = "<group>"; };
		F757DF041AEFFB5600201AC8 /* Example-OSX.app */ = {isa = PBXFileReference; explicitFileType = wrapper.application; includeInIndex = 0; path = "Example-OSX.app"; sourceTree = BUILT_PRODUCTS_DIR; };
		F757DF071AEFFB5600201AC8 /* Info.plist */ = {isa = PBXFileReference; lastKnownFileType = text.plist.xml; path = Info.plist; sourceTree = "<group>"; };
		F757DF081AEFFB5600201AC8 /* AppDelegate.swift */ = {isa = PBXFileReference; lastKnownFileType = sourcecode.swift; path = AppDelegate.swift; sourceTree = "<group>"; };
		F757DF0A1AEFFB5600201AC8 /* ViewController.swift */ = {isa = PBXFileReference; lastKnownFileType = sourcecode.swift; path = ViewController.swift; sourceTree = "<group>"; };
		F757DF0C1AEFFB5600201AC8 /* Images.xcassets */ = {isa = PBXFileReference; lastKnownFileType = folder.assetcatalog; path = Images.xcassets; sourceTree = "<group>"; };
		F757DF0F1AEFFB5600201AC8 /* Base */ = {isa = PBXFileReference; lastKnownFileType = file.storyboard; name = Base; path = Base.lproj/Main.storyboard; sourceTree = "<group>"; };
		F757DF151AEFFB5600201AC8 /* Example-OSXTests.xctest */ = {isa = PBXFileReference; explicitFileType = wrapper.cfbundle; includeInIndex = 0; path = "Example-OSXTests.xctest"; sourceTree = BUILT_PRODUCTS_DIR; };
		F757DF1A1AEFFB5600201AC8 /* Info.plist */ = {isa = PBXFileReference; lastKnownFileType = text.plist.xml; path = Info.plist; sourceTree = "<group>"; };
		F757DF1B1AEFFB5600201AC8 /* Example_OSXTests.swift */ = {isa = PBXFileReference; lastKnownFileType = sourcecode.swift; path = Example_OSXTests.swift; sourceTree = "<group>"; };
		F7BD27B11AEFFCA2001283DA /* LocationTracker.swift */ = {isa = PBXFileReference; fileEncoding = 4; lastKnownFileType = sourcecode.swift; name = LocationTracker.swift; path = ../LocationTracker.swift; sourceTree = "<group>"; };
/* End PBXFileReference section */

/* Begin PBXFrameworksBuildPhase section */
		F757DEDA1AEFFAA900201AC8 /* Frameworks */ = {
			isa = PBXFrameworksBuildPhase;
			buildActionMask = 2147483647;
			files = (
			);
			runOnlyForDeploymentPostprocessing = 0;
		};
		F757DEEE1AEFFAAA00201AC8 /* Frameworks */ = {
			isa = PBXFrameworksBuildPhase;
			buildActionMask = 2147483647;
			files = (
			);
			runOnlyForDeploymentPostprocessing = 0;
		};
		F757DF011AEFFB5600201AC8 /* Frameworks */ = {
			isa = PBXFrameworksBuildPhase;
			buildActionMask = 2147483647;
			files = (
			);
			runOnlyForDeploymentPostprocessing = 0;
		};
		F757DF121AEFFB5600201AC8 /* Frameworks */ = {
			isa = PBXFrameworksBuildPhase;
			buildActionMask = 2147483647;
			files = (
			);
			runOnlyForDeploymentPostprocessing = 0;
		};
/* End PBXFrameworksBuildPhase section */

/* Begin PBXGroup section */
		F757DEDE1AEFFAA900201AC8 /* Example-iOS */ = {
			isa = PBXGroup;
			children = (
				F757DEE11AEFFAA900201AC8 /* AppDelegate.swift */,
				F757DEE31AEFFAA900201AC8 /* ViewController.swift */,
				F757DEE51AEFFAA900201AC8 /* Main.storyboard */,
				F757DEE81AEFFAA900201AC8 /* Images.xcassets */,
				F757DEEA1AEFFAA900201AC8 /* LaunchScreen.xib */,
				F757DEDF1AEFFAA900201AC8 /* Supporting Files */,
			);
			path = "Example-iOS";
			sourceTree = "<group>";
		};
		F757DEDF1AEFFAA900201AC8 /* Supporting Files */ = {
			isa = PBXGroup;
			children = (
				F757DEE01AEFFAA900201AC8 /* Info.plist */,
			);
			name = "Supporting Files";
			sourceTree = "<group>";
		};
		F757DEF41AEFFAAA00201AC8 /* Example-iOSTests */ = {
			isa = PBXGroup;
			children = (
				F757DEF71AEFFAAA00201AC8 /* Example_iOSTests.swift */,
				F757DEF51AEFFAAA00201AC8 /* Supporting Files */,
			);
			path = "Example-iOSTests";
			sourceTree = "<group>";
		};
		F757DEF51AEFFAAA00201AC8 /* Supporting Files */ = {
			isa = PBXGroup;
			children = (
				F757DEF61AEFFAAA00201AC8 /* Info.plist */,
			);
			name = "Supporting Files";
			sourceTree = "<group>";
		};
		F757DF051AEFFB5600201AC8 /* Example-OSX */ = {
			isa = PBXGroup;
			children = (
				F757DF081AEFFB5600201AC8 /* AppDelegate.swift */,
				F757DF0A1AEFFB5600201AC8 /* ViewController.swift */,
				F757DF0C1AEFFB5600201AC8 /* Images.xcassets */,
				F757DF0E1AEFFB5600201AC8 /* Main.storyboard */,
				F757DF061AEFFB5600201AC8 /* Supporting Files */,
			);
			path = "Example-OSX";
			sourceTree = "<group>";
		};
		F757DF061AEFFB5600201AC8 /* Supporting Files */ = {
			isa = PBXGroup;
			children = (
				F757DF071AEFFB5600201AC8 /* Info.plist */,
			);
			name = "Supporting Files";
			sourceTree = "<group>";
		};
		F757DF181AEFFB5600201AC8 /* Example-OSXTests */ = {
			isa = PBXGroup;
			children = (
				F757DF1B1AEFFB5600201AC8 /* Example_OSXTests.swift */,
				F757DF191AEFFB5600201AC8 /* Supporting Files */,
			);
			path = "Example-OSXTests";
			sourceTree = "<group>";
		};
		F757DF191AEFFB5600201AC8 /* Supporting Files */ = {
			isa = PBXGroup;
			children = (
				F757DF1A1AEFFB5600201AC8 /* Info.plist */,
			);
			name = "Supporting Files";
			sourceTree = "<group>";
		};
		F7FCF47D1AEFF97C001F6FD0 = {
			isa = PBXGroup;
			children = (
				F7BD27B11AEFFCA2001283DA /* LocationTracker.swift */,
				F757DEDE1AEFFAA900201AC8 /* Example-iOS */,
				F757DEF41AEFFAAA00201AC8 /* Example-iOSTests */,
				F757DF051AEFFB5600201AC8 /* Example-OSX */,
				F757DF181AEFFB5600201AC8 /* Example-OSXTests */,
				F7FCF4871AEFF97C001F6FD0 /* Products */,
			);
			sourceTree = "<group>";
		};
		F7FCF4871AEFF97C001F6FD0 /* Products */ = {
			isa = PBXGroup;
			children = (
				F757DEDD1AEFFAA900201AC8 /* Example-iOS.app */,
				F757DEF11AEFFAAA00201AC8 /* Example-iOSTests.xctest */,
				F757DF041AEFFB5600201AC8 /* Example-OSX.app */,
				F757DF151AEFFB5600201AC8 /* Example-OSXTests.xctest */,
			);
			name = Products;
			sourceTree = "<group>";
		};
/* End PBXGroup section */

/* Begin PBXNativeTarget section */
		F757DEDC1AEFFAA900201AC8 /* Example-iOS */ = {
			isa = PBXNativeTarget;
			buildConfigurationList = F757DEF91AEFFAAA00201AC8 /* Build configuration list for PBXNativeTarget "Example-iOS" */;
			buildPhases = (
				F757DED91AEFFAA900201AC8 /* Sources */,
				F757DEDA1AEFFAA900201AC8 /* Frameworks */,
				F757DEDB1AEFFAA900201AC8 /* Resources */,
			);
			buildRules = (
			);
			dependencies = (
			);
			name = "Example-iOS";
			productName = "Example-iOS";
			productReference = F757DEDD1AEFFAA900201AC8 /* Example-iOS.app */;
			productType = "com.apple.product-type.application";
		};
		F757DEF01AEFFAAA00201AC8 /* Example-iOSTests */ = {
			isa = PBXNativeTarget;
			buildConfigurationList = F757DEFC1AEFFAAA00201AC8 /* Build configuration list for PBXNativeTarget "Example-iOSTests" */;
			buildPhases = (
				F757DEED1AEFFAAA00201AC8 /* Sources */,
				F757DEEE1AEFFAAA00201AC8 /* Frameworks */,
				F757DEEF1AEFFAAA00201AC8 /* Resources */,
			);
			buildRules = (
			);
			dependencies = (
				F757DEF31AEFFAAA00201AC8 /* PBXTargetDependency */,
			);
			name = "Example-iOSTests";
			productName = "Example-iOSTests";
			productReference = F757DEF11AEFFAAA00201AC8 /* Example-iOSTests.xctest */;
			productType = "com.apple.product-type.bundle.unit-test";
		};
		F757DF031AEFFB5600201AC8 /* Example-OSX */ = {
			isa = PBXNativeTarget;
			buildConfigurationList = F757DF1D1AEFFB5600201AC8 /* Build configuration list for PBXNativeTarget "Example-OSX" */;
			buildPhases = (
				F757DF001AEFFB5600201AC8 /* Sources */,
				F757DF011AEFFB5600201AC8 /* Frameworks */,
				F757DF021AEFFB5600201AC8 /* Resources */,
			);
			buildRules = (
			);
			dependencies = (
			);
			name = "Example-OSX";
			productName = "Example-OSX";
			productReference = F757DF041AEFFB5600201AC8 /* Example-OSX.app */;
			productType = "com.apple.product-type.application";
		};
		F757DF141AEFFB5600201AC8 /* Example-OSXTests */ = {
			isa = PBXNativeTarget;
			buildConfigurationList = F757DF201AEFFB5600201AC8 /* Build configuration list for PBXNativeTarget "Example-OSXTests" */;
			buildPhases = (
				F757DF111AEFFB5600201AC8 /* Sources */,
				F757DF121AEFFB5600201AC8 /* Frameworks */,
				F757DF131AEFFB5600201AC8 /* Resources */,
			);
			buildRules = (
			);
			dependencies = (
				F757DF171AEFFB5600201AC8 /* PBXTargetDependency */,
			);
			name = "Example-OSXTests";
			productName = "Example-OSXTests";
			productReference = F757DF151AEFFB5600201AC8 /* Example-OSXTests.xctest */;
			productType = "com.apple.product-type.bundle.unit-test";
		};
/* End PBXNativeTarget section */

/* Begin PBXProject section */
		F7FCF47E1AEFF97C001F6FD0 /* Project object */ = {
			isa = PBXProject;
			attributes = {
				LastSwiftMigration = 0700;
				LastSwiftUpdateCheck = 0700;
				LastUpgradeCheck = 0700;
				ORGANIZATIONNAME = "Andrew Shepard";
				TargetAttributes = {
					F757DEDC1AEFFAA900201AC8 = {
						CreatedOnToolsVersion = 6.3.1;
					};
					F757DEF01AEFFAAA00201AC8 = {
						CreatedOnToolsVersion = 6.3.1;
						TestTargetID = F757DEDC1AEFFAA900201AC8;
					};
					F757DF031AEFFB5600201AC8 = {
						CreatedOnToolsVersion = 6.3.1;
					};
					F757DF141AEFFB5600201AC8 = {
						CreatedOnToolsVersion = 6.3.1;
						TestTargetID = F757DF031AEFFB5600201AC8;
					};
				};
			};
			buildConfigurationList = F7FCF4811AEFF97C001F6FD0 /* Build configuration list for PBXProject "Example" */;
			compatibilityVersion = "Xcode 3.2";
			developmentRegion = English;
			hasScannedForEncodings = 0;
			knownRegions = (
				en,
				Base,
			);
			mainGroup = F7FCF47D1AEFF97C001F6FD0;
			productRefGroup = F7FCF4871AEFF97C001F6FD0 /* Products */;
			projectDirPath = "";
			projectRoot = "";
			targets = (
				F757DEDC1AEFFAA900201AC8 /* Example-iOS */,
				F757DEF01AEFFAAA00201AC8 /* Example-iOSTests */,
				F757DF031AEFFB5600201AC8 /* Example-OSX */,
				F757DF141AEFFB5600201AC8 /* Example-OSXTests */,
			);
		};
/* End PBXProject section */

/* Begin PBXResourcesBuildPhase section */
		F757DEDB1AEFFAA900201AC8 /* Resources */ = {
			isa = PBXResourcesBuildPhase;
			buildActionMask = 2147483647;
			files = (
				F757DEE71AEFFAA900201AC8 /* Main.storyboard in Resources */,
				F757DEEC1AEFFAA900201AC8 /* LaunchScreen.xib in Resources */,
				F757DEE91AEFFAA900201AC8 /* Images.xcassets in Resources */,
			);
			runOnlyForDeploymentPostprocessing = 0;
		};
		F757DEEF1AEFFAAA00201AC8 /* Resources */ = {
			isa = PBXResourcesBuildPhase;
			buildActionMask = 2147483647;
			files = (
			);
			runOnlyForDeploymentPostprocessing = 0;
		};
		F757DF021AEFFB5600201AC8 /* Resources */ = {
			isa = PBXResourcesBuildPhase;
			buildActionMask = 2147483647;
			files = (
				F757DF0D1AEFFB5600201AC8 /* Images.xcassets in Resources */,
				F757DF101AEFFB5600201AC8 /* Main.storyboard in Resources */,
			);
			runOnlyForDeploymentPostprocessing = 0;
		};
		F757DF131AEFFB5600201AC8 /* Resources */ = {
			isa = PBXResourcesBuildPhase;
			buildActionMask = 2147483647;
			files = (
			);
			runOnlyForDeploymentPostprocessing = 0;
		};
/* End PBXResourcesBuildPhase section */

/* Begin PBXSourcesBuildPhase section */
		F757DED91AEFFAA900201AC8 /* Sources */ = {
			isa = PBXSourcesBuildPhase;
			buildActionMask = 2147483647;
			files = (
				F757DEE41AEFFAA900201AC8 /* ViewController.swift in Sources */,
				F757DEE21AEFFAA900201AC8 /* AppDelegate.swift in Sources */,
				F7BD27B21AEFFCA2001283DA /* LocationTracker.swift in Sources */,
			);
			runOnlyForDeploymentPostprocessing = 0;
		};
		F757DEED1AEFFAAA00201AC8 /* Sources */ = {
			isa = PBXSourcesBuildPhase;
			buildActionMask = 2147483647;
			files = (
				F757DEF81AEFFAAA00201AC8 /* Example_iOSTests.swift in Sources */,
				F7BD27B31AEFFCA2001283DA /* LocationTracker.swift in Sources */,
			);
			runOnlyForDeploymentPostprocessing = 0;
		};
		F757DF001AEFFB5600201AC8 /* Sources */ = {
			isa = PBXSourcesBuildPhase;
			buildActionMask = 2147483647;
			files = (
				F757DF0B1AEFFB5600201AC8 /* ViewController.swift in Sources */,
				F757DF091AEFFB5600201AC8 /* AppDelegate.swift in Sources */,
				F7BD27B41AEFFCA2001283DA /* LocationTracker.swift in Sources */,
			);
			runOnlyForDeploymentPostprocessing = 0;
		};
		F757DF111AEFFB5600201AC8 /* Sources */ = {
			isa = PBXSourcesBuildPhase;
			buildActionMask = 2147483647;
			files = (
				F757DF1C1AEFFB5600201AC8 /* Example_OSXTests.swift in Sources */,
				F7BD27B51AEFFCA2001283DA /* LocationTracker.swift in Sources */,
			);
			runOnlyForDeploymentPostprocessing = 0;
		};
/* End PBXSourcesBuildPhase section */

/* Begin PBXTargetDependency section */
		F757DEF31AEFFAAA00201AC8 /* PBXTargetDependency */ = {
			isa = PBXTargetDependency;
			target = F757DEDC1AEFFAA900201AC8 /* Example-iOS */;
			targetProxy = F757DEF21AEFFAAA00201AC8 /* PBXContainerItemProxy */;
		};
		F757DF171AEFFB5600201AC8 /* PBXTargetDependency */ = {
			isa = PBXTargetDependency;
			target = F757DF031AEFFB5600201AC8 /* Example-OSX */;
			targetProxy = F757DF161AEFFB5600201AC8 /* PBXContainerItemProxy */;
		};
/* End PBXTargetDependency section */

/* Begin PBXVariantGroup section */
		F757DEE51AEFFAA900201AC8 /* Main.storyboard */ = {
			isa = PBXVariantGroup;
			children = (
				F757DEE61AEFFAA900201AC8 /* Base */,
			);
			name = Main.storyboard;
			sourceTree = "<group>";
		};
		F757DEEA1AEFFAA900201AC8 /* LaunchScreen.xib */ = {
			isa = PBXVariantGroup;
			children = (
				F757DEEB1AEFFAA900201AC8 /* Base */,
			);
			name = LaunchScreen.xib;
			sourceTree = "<group>";
		};
		F757DF0E1AEFFB5600201AC8 /* Main.storyboard */ = {
			isa = PBXVariantGroup;
			children = (
				F757DF0F1AEFFB5600201AC8 /* Base */,
			);
			name = Main.storyboard;
			sourceTree = "<group>";
		};
/* End PBXVariantGroup section */

/* Begin XCBuildConfiguration section */
		F757DEFA1AEFFAAA00201AC8 /* Debug */ = {
			isa = XCBuildConfiguration;
			buildSettings = {
				ASSETCATALOG_COMPILER_APPICON_NAME = AppIcon;
				CODE_SIGN_IDENTITY = "iPhone Developer";
				"CODE_SIGN_IDENTITY[sdk=iphoneos*]" = "iPhone Developer";
				DEBUG_INFORMATION_FORMAT = "dwarf-with-dsym";
				GCC_PREPROCESSOR_DEFINITIONS = (
					"DEBUG=1",
					"$(inherited)",
				);
				INFOPLIST_FILE = "Example-iOS/Info.plist";
				IPHONEOS_DEPLOYMENT_TARGET = 8.3;
				LD_RUNPATH_SEARCH_PATHS = "$(inherited) @executable_path/Frameworks";
				PRODUCT_BUNDLE_IDENTIFIER = "org.andyshep.$(PRODUCT_NAME:rfc1034identifier)";
				PRODUCT_NAME = "$(TARGET_NAME)";
				SDKROOT = iphoneos;
				TARGETED_DEVICE_FAMILY = "1,2";
			};
			name = Debug;
		};
		F757DEFB1AEFFAAA00201AC8 /* Release */ = {
			isa = XCBuildConfiguration;
			buildSettings = {
				ASSETCATALOG_COMPILER_APPICON_NAME = AppIcon;
				CODE_SIGN_IDENTITY = "iPhone Developer";
				"CODE_SIGN_IDENTITY[sdk=iphoneos*]" = "iPhone Developer";
				INFOPLIST_FILE = "Example-iOS/Info.plist";
				IPHONEOS_DEPLOYMENT_TARGET = 8.3;
				LD_RUNPATH_SEARCH_PATHS = "$(inherited) @executable_path/Frameworks";
				PRODUCT_BUNDLE_IDENTIFIER = "org.andyshep.$(PRODUCT_NAME:rfc1034identifier)";
				PRODUCT_NAME = "$(TARGET_NAME)";
				SDKROOT = iphoneos;
				TARGETED_DEVICE_FAMILY = "1,2";
				VALIDATE_PRODUCT = YES;
			};
			name = Release;
		};
		F757DEFD1AEFFAAA00201AC8 /* Debug */ = {
			isa = XCBuildConfiguration;
			buildSettings = {
				BUNDLE_LOADER = "$(TEST_HOST)";
				DEBUG_INFORMATION_FORMAT = "dwarf-with-dsym";
				FRAMEWORK_SEARCH_PATHS = (
					"$(SDKROOT)/Developer/Library/Frameworks",
					"$(inherited)",
				);
				GCC_PREPROCESSOR_DEFINITIONS = (
					"DEBUG=1",
					"$(inherited)",
				);
				INFOPLIST_FILE = "Example-iOSTests/Info.plist";
				IPHONEOS_DEPLOYMENT_TARGET = 8.3;
				LD_RUNPATH_SEARCH_PATHS = "$(inherited) @executable_path/Frameworks @loader_path/Frameworks";
				PRODUCT_BUNDLE_IDENTIFIER = "org.andyshep.$(PRODUCT_NAME:rfc1034identifier)";
				PRODUCT_NAME = "$(TARGET_NAME)";
				SDKROOT = iphoneos;
				TEST_HOST = "$(BUILT_PRODUCTS_DIR)/Example-iOS.app/Example-iOS";
			};
			name = Debug;
		};
		F757DEFE1AEFFAAA00201AC8 /* Release */ = {
			isa = XCBuildConfiguration;
			buildSettings = {
				BUNDLE_LOADER = "$(TEST_HOST)";
				FRAMEWORK_SEARCH_PATHS = (
					"$(SDKROOT)/Developer/Library/Frameworks",
					"$(inherited)",
				);
				INFOPLIST_FILE = "Example-iOSTests/Info.plist";
				IPHONEOS_DEPLOYMENT_TARGET = 8.3;
				LD_RUNPATH_SEARCH_PATHS = "$(inherited) @executable_path/Frameworks @loader_path/Frameworks";
				PRODUCT_BUNDLE_IDENTIFIER = "org.andyshep.$(PRODUCT_NAME:rfc1034identifier)";
				PRODUCT_NAME = "$(TARGET_NAME)";
				SDKROOT = iphoneos;
				TEST_HOST = "$(BUILT_PRODUCTS_DIR)/Example-iOS.app/Example-iOS";
				VALIDATE_PRODUCT = YES;
			};
			name = Release;
		};
		F757DF1E1AEFFB5600201AC8 /* Debug */ = {
			isa = XCBuildConfiguration;
			buildSettings = {
				ASSETCATALOG_COMPILER_APPICON_NAME = AppIcon;
				COMBINE_HIDPI_IMAGES = YES;
				GCC_PREPROCESSOR_DEFINITIONS = (
					"DEBUG=1",
					"$(inherited)",
				);
				INFOPLIST_FILE = "Example-OSX/Info.plist";
				LD_RUNPATH_SEARCH_PATHS = "$(inherited) @executable_path/../Frameworks";
				PRODUCT_BUNDLE_IDENTIFIER = "org.andyshep.$(PRODUCT_NAME:rfc1034identifier)";
				PRODUCT_NAME = "$(TARGET_NAME)";
			};
			name = Debug;
		};
		F757DF1F1AEFFB5600201AC8 /* Release */ = {
			isa = XCBuildConfiguration;
			buildSettings = {
				ASSETCATALOG_COMPILER_APPICON_NAME = AppIcon;
				COMBINE_HIDPI_IMAGES = YES;
				INFOPLIST_FILE = "Example-OSX/Info.plist";
				LD_RUNPATH_SEARCH_PATHS = "$(inherited) @executable_path/../Frameworks";
				PRODUCT_BUNDLE_IDENTIFIER = "org.andyshep.$(PRODUCT_NAME:rfc1034identifier)";
				PRODUCT_NAME = "$(TARGET_NAME)";
			};
			name = Release;
		};
		F757DF211AEFFB5600201AC8 /* Debug */ = {
			isa = XCBuildConfiguration;
			buildSettings = {
				BUNDLE_LOADER = "$(TEST_HOST)";
				COMBINE_HIDPI_IMAGES = YES;
				FRAMEWORK_SEARCH_PATHS = (
					"$(DEVELOPER_FRAMEWORKS_DIR)",
					"$(inherited)",
				);
				GCC_PREPROCESSOR_DEFINITIONS = (
					"DEBUG=1",
					"$(inherited)",
				);
				INFOPLIST_FILE = "Example-OSXTests/Info.plist";
				LD_RUNPATH_SEARCH_PATHS = "$(inherited) @executable_path/../Frameworks @loader_path/../Frameworks";
				PRODUCT_BUNDLE_IDENTIFIER = "org.andyshep.$(PRODUCT_NAME:rfc1034identifier)";
				PRODUCT_NAME = "$(TARGET_NAME)";
				TEST_HOST = "$(BUILT_PRODUCTS_DIR)/Example-OSX.app/Contents/MacOS/Example-OSX";
			};
			name = Debug;
		};
		F757DF221AEFFB5600201AC8 /* Release */ = {
			isa = XCBuildConfiguration;
			buildSettings = {
				BUNDLE_LOADER = "$(TEST_HOST)";
				COMBINE_HIDPI_IMAGES = YES;
				FRAMEWORK_SEARCH_PATHS = (
					"$(DEVELOPER_FRAMEWORKS_DIR)",
					"$(inherited)",
				);
				INFOPLIST_FILE = "Example-OSXTests/Info.plist";
				LD_RUNPATH_SEARCH_PATHS = "$(inherited) @executable_path/../Frameworks @loader_path/../Frameworks";
				PRODUCT_BUNDLE_IDENTIFIER = "org.andyshep.$(PRODUCT_NAME:rfc1034identifier)";
				PRODUCT_NAME = "$(TARGET_NAME)";
				TEST_HOST = "$(BUILT_PRODUCTS_DIR)/Example-OSX.app/Contents/MacOS/Example-OSX";
			};
			name = Release;
		};
		F7FCF4A01AEFF97C001F6FD0 /* Debug */ = {
			isa = XCBuildConfiguration;
			buildSettings = {
				ALWAYS_SEARCH_USER_PATHS = NO;
				CLANG_CXX_LANGUAGE_STANDARD = "gnu++0x";
				CLANG_CXX_LIBRARY = "libc++";
				CLANG_ENABLE_MODULES = YES;
				CLANG_ENABLE_OBJC_ARC = YES;
				CLANG_WARN_BOOL_CONVERSION = YES;
				CLANG_WARN_CONSTANT_CONVERSION = YES;
				CLANG_WARN_DIRECT_OBJC_ISA_USAGE = YES_ERROR;
				CLANG_WARN_EMPTY_BODY = YES;
				CLANG_WARN_ENUM_CONVERSION = YES;
				CLANG_WARN_INT_CONVERSION = YES;
				CLANG_WARN_OBJC_ROOT_CLASS = YES_ERROR;
				CLANG_WARN_UNREACHABLE_CODE = YES;
				CLANG_WARN__DUPLICATE_METHOD_MATCH = YES;
				CODE_SIGN_IDENTITY = "-";
				COPY_PHASE_STRIP = NO;
				DEBUG_INFORMATION_FORMAT = dwarf;
				ENABLE_STRICT_OBJC_MSGSEND = YES;
				ENABLE_TESTABILITY = YES;
				GCC_C_LANGUAGE_STANDARD = gnu99;
				GCC_DYNAMIC_NO_PIC = NO;
				GCC_NO_COMMON_BLOCKS = YES;
				GCC_OPTIMIZATION_LEVEL = 0;
				GCC_PREPROCESSOR_DEFINITIONS = (
					"DEBUG=1",
					"$(inherited)",
				);
				GCC_SYMBOLS_PRIVATE_EXTERN = NO;
				GCC_WARN_64_TO_32_BIT_CONVERSION = YES;
				GCC_WARN_ABOUT_RETURN_TYPE = YES_ERROR;
				GCC_WARN_UNDECLARED_SELECTOR = YES;
				GCC_WARN_UNINITIALIZED_AUTOS = YES_AGGRESSIVE;
				GCC_WARN_UNUSED_FUNCTION = YES;
				GCC_WARN_UNUSED_VARIABLE = YES;
				MACOSX_DEPLOYMENT_TARGET = 10.10;
				MTL_ENABLE_DEBUG_INFO = YES;
				ONLY_ACTIVE_ARCH = YES;
				SDKROOT = macosx;
				SWIFT_OPTIMIZATION_LEVEL = "-Onone";
			};
			name = Debug;
		};
		F7FCF4A11AEFF97C001F6FD0 /* Release */ = {
			isa = XCBuildConfiguration;
			buildSettings = {
				ALWAYS_SEARCH_USER_PATHS = NO;
				CLANG_CXX_LANGUAGE_STANDARD = "gnu++0x";
				CLANG_CXX_LIBRARY = "libc++";
				CLANG_ENABLE_MODULES = YES;
				CLANG_ENABLE_OBJC_ARC = YES;
				CLANG_WARN_BOOL_CONVERSION = YES;
				CLANG_WARN_CONSTANT_CONVERSION = YES;
				CLANG_WARN_DIRECT_OBJC_ISA_USAGE = YES_ERROR;
				CLANG_WARN_EMPTY_BODY = YES;
				CLANG_WARN_ENUM_CONVERSION = YES;
				CLANG_WARN_INT_CONVERSION = YES;
				CLANG_WARN_OBJC_ROOT_CLASS = YES_ERROR;
				CLANG_WARN_UNREACHABLE_CODE = YES;
				CLANG_WARN__DUPLICATE_METHOD_MATCH = YES;
				CODE_SIGN_IDENTITY = "-";
				COPY_PHASE_STRIP = NO;
				DEBUG_INFORMATION_FORMAT = "dwarf-with-dsym";
				ENABLE_NS_ASSERTIONS = NO;
				ENABLE_STRICT_OBJC_MSGSEND = YES;
				GCC_C_LANGUAGE_STANDARD = gnu99;
				GCC_NO_COMMON_BLOCKS = YES;
				GCC_WARN_64_TO_32_BIT_CONVERSION = YES;
				GCC_WARN_ABOUT_RETURN_TYPE = YES_ERROR;
				GCC_WARN_UNDECLARED_SELECTOR = YES;
				GCC_WARN_UNINITIALIZED_AUTOS = YES_AGGRESSIVE;
				GCC_WARN_UNUSED_FUNCTION = YES;
				GCC_WARN_UNUSED_VARIABLE = YES;
				MACOSX_DEPLOYMENT_TARGET = 10.10;
				MTL_ENABLE_DEBUG_INFO = NO;
				SDKROOT = macosx;
			};
			name = Release;
		};
/* End XCBuildConfiguration section */

/* Begin XCConfigurationList section */
		F757DEF91AEFFAAA00201AC8 /* Build configuration list for PBXNativeTarget "Example-iOS" */ = {
			isa = XCConfigurationList;
			buildConfigurations = (
				F757DEFA1AEFFAAA00201AC8 /* Debug */,
				F757DEFB1AEFFAAA00201AC8 /* Release */,
			);
			defaultConfigurationIsVisible = 0;
			defaultConfigurationName = Release;
		};
		F757DEFC1AEFFAAA00201AC8 /* Build configuration list for PBXNativeTarget "Example-iOSTests" */ = {
			isa = XCConfigurationList;
			buildConfigurations = (
				F757DEFD1AEFFAAA00201AC8 /* Debug */,
				F757DEFE1AEFFAAA00201AC8 /* Release */,
			);
			defaultConfigurationIsVisible = 0;
			defaultConfigurationName = Release;
		};
		F757DF1D1AEFFB5600201AC8 /* Build configuration list for PBXNativeTarget "Example-OSX" */ = {
			isa = XCConfigurationList;
			buildConfigurations = (
				F757DF1E1AEFFB5600201AC8 /* Debug */,
				F757DF1F1AEFFB5600201AC8 /* Release */,
			);
			defaultConfigurationIsVisible = 0;
			defaultConfigurationName = Release;
		};
		F757DF201AEFFB5600201AC8 /* Build configuration list for PBXNativeTarget "Example-OSXTests" */ = {
			isa = XCConfigurationList;
			buildConfigurations = (
				F757DF211AEFFB5600201AC8 /* Debug */,
				F757DF221AEFFB5600201AC8 /* Release */,
			);
			defaultConfigurationIsVisible = 0;
			defaultConfigurationName = Release;
		};
		F7FCF4811AEFF97C001F6FD0 /* Build configuration list for PBXProject "Example" */ = {
			isa = XCConfigurationList;
			buildConfigurations = (
				F7FCF4A01AEFF97C001F6FD0 /* Debug */,
				F7FCF4A11AEFF97C001F6FD0 /* Release */,
			);
			defaultConfigurationIsVisible = 0;
			defaultConfigurationName = Release;
		};
/* End XCConfigurationList section */
	};
	rootObject = F7FCF47E1AEFF97C001F6FD0 /* Project object */;
}
